
Microsoft Visual Studio Solution File, Format Version 12.00
# Visual Studio Version 17
VisualStudioVersion = 17.8.34511.84
MinimumVisualStudioVersion = 10.0.40219.1
Project("{FAE04EC0-301F-11D3-BF4B-00C04F79EFBC}") = "AppearanceModMenuBuilder", "AppearanceModMenuBuilder\AppearanceModMenuBuilder.csproj", "{B4C85D7B-2808-4A4E-AB0C-9F684612872B}"
EndProject
Global
	GlobalSection(SolutionConfigurationPlatforms) = preSolution
		Debug|Any CPU = Debug|Any CPU
		Release|Any CPU = Release|Any CPU
	EndGlobalSection
	GlobalSection(ProjectConfigurationPlatforms) = postSolution
		{B4C85D7B-2808-4A4E-AB0C-9F684612872B}.Debug|Any CPU.ActiveCfg = Debug|Any CPU
		{B4C85D7B-2808-4A4E-AB0C-9F684612872B}.Debug|Any CPU.Build.0 = Debug|Any CPU
		{B4C85D7B-2808-4A4E-AB0C-9F684612872B}.Release|Any CPU.ActiveCfg = Release|Any CPU
		{B4C85D7B-2808-4A4E-AB0C-9F684612872B}.Release|Any CPU.Build.0 = Release|Any CPU
	EndGlobalSection
	GlobalSection(SolutionProperties) = preSolution
		HideSolutionNode = FALSE
	EndGlobalSection
	GlobalSection(ExtensibilityGlobals) = postSolution
		SolutionGuid = {5D1270FA-5C4C-4474-8431-7671FCFC3205}
	EndGlobalSection
EndGlobal
